
Microsoft Visual Studio Solution File, Format Version 12.00
# Visual Studio Version 16
VisualStudioVersion = 16.0.33529.622
MinimumVisualStudioVersion = 10.0.40219.1
Project("{FAE04EC0-301F-11D3-BF4B-00C04F79EFBC}") = "HomeworkTwentySix.Library", "HomeworkTwentySix.Library\HomeworkTwentySix.Library.csproj", "{75387D12-FD4C-4A4E-94EB-DEB046BE0930}"
EndProject
Project("{FAE04EC0-301F-11D3-BF4B-00C04F79EFBC}") = "HomeworkTwentySix.Tests", "HomeworkTwentySix.Tests\HomeworkTwentySix.Tests.csproj", "{8092E758-627F-41F6-B0B7-0AE294CB5C25}"
EndProject
Global
	GlobalSection(SolutionConfigurationPlatforms) = preSolution
		Debug|Any CPU = Debug|Any CPU
		Release|Any CPU = Release|Any CPU
	EndGlobalSection
	GlobalSection(ProjectConfigurationPlatforms) = postSolution
		{75387D12-FD4C-4A4E-94EB-DEB046BE0930}.Debug|Any CPU.ActiveCfg = Debug|Any CPU
		{75387D12-FD4C-4A4E-94EB-DEB046BE0930}.Debug|Any CPU.Build.0 = Debug|Any CPU
		{75387D12-FD4C-4A4E-94EB-DEB046BE0930}.Release|Any CPU.ActiveCfg = Release|Any CPU
		{75387D12-FD4C-4A4E-94EB-DEB046BE0930}.Release|Any CPU.Build.0 = Release|Any CPU
		{8092E758-627F-41F6-B0B7-0AE294CB5C25}.Debug|Any CPU.ActiveCfg = Debug|Any CPU
		{8092E758-627F-41F6-B0B7-0AE294CB5C25}.Debug|Any CPU.Build.0 = Debug|Any CPU
		{8092E758-627F-41F6-B0B7-0AE294CB5C25}.Release|Any CPU.ActiveCfg = Release|Any CPU
		{8092E758-627F-41F6-B0B7-0AE294CB5C25}.Release|Any CPU.Build.0 = Release|Any CPU
	EndGlobalSection
	GlobalSection(SolutionProperties) = preSolution
		HideSolutionNode = FALSE
	EndGlobalSection
	GlobalSection(ExtensibilityGlobals) = postSolution
		SolutionGuid = {F2E1C2C1-5D97-4B01-8A2E-C386160BEF31}
	EndGlobalSection
EndGlobal
